
Microsoft Visual Studio Solution File, Format Version 12.00
# Visual Studio 2013
VisualStudioVersion = 12.0.21005.1
MinimumVisualStudioVersion = 10.0.40219.1
Project("{FAE04EC0-301F-11D3-BF4B-00C04F79EFBC}") = "DLOA.DAL", "DLOA.DAL\DLOA.DAL.csproj", "{182E5F7A-D7ED-4193-975A-DAD43A9AA67B}"
EndProject
Project("{FAE04EC0-301F-11D3-BF4B-00C04F79EFBC}") = "DLOA.Common", "DLOA.Common\DLOA.Common.csproj", "{CB2BA7F0-B0AD-4B2E-8EC4-9B80818D0702}"
EndProject
Project("{FAE04EC0-301F-11D3-BF4B-00C04F79EFBC}") = "DLOA.Service", "DLOA.Service\DLOA.Service.csproj", "{E5BF5274-6847-41EB-86BB-4065BA5379E0}"
EndProject
Project("{FAE04EC0-301F-11D3-BF4B-00C04F79EFBC}") = "DLOA.UI", "DLOA.UI\DLOA.UI.csproj", "{A6BD38FE-2385-48A3-B1C5-0B9C04F69EB6}"
EndProject
Project("{FAE04EC0-301F-11D3-BF4B-00C04F79EFBC}") = "DLOA.IDAL", "DLOA.IDAL\DLOA.IDAL.csproj", "{4922B3A1-E237-4952-83C0-D3AE09385AF7}"
EndProject
Project("{2150E333-8FDC-42A3-9474-1A3956D46DE8}") = "DAL", "DAL", "{421B6AC9-603D-4F97-B857-A1EE4096C12C}"
EndProject
Project("{FAE04EC0-301F-11D3-BF4B-00C04F79EFBC}") = "DLOA.DalFactory", "DLOA.DalFactory\DLOA.DalFactory.csproj", "{8E9B087D-912F-406E-BCE4-A1342BA3CCD2}"
EndProject
Project("{2150E333-8FDC-42A3-9474-1A3956D46DE8}") = "Service", "Service", "{027BFBA2-7C32-46CF-9AD1-00BE65857B9E}"
EndProject
Project("{FAE04EC0-301F-11D3-BF4B-00C04F79EFBC}") = "DLOA.IService", "DLOA.IService\DLOA.IService.csproj", "{624A3B75-C37F-430F-8DB0-7EDC4FECA877}"
EndProject
Project("{2150E333-8FDC-42A3-9474-1A3956D46DE8}") = "Test", "Test", "{AF2CDACA-E71D-45DB-9ABC-F287736A41E5}"
EndProject
Project("{FAE04EC0-301F-11D3-BF4B-00C04F79EFBC}") = "Spring.Net", "Spring.Net\Spring.Net.csproj", "{179B4231-528F-439E-89CE-3D76ACDE7D1D}"
EndProject
Project("{FAE04EC0-301F-11D3-BF4B-00C04F79EFBC}") = "DLOA.Model", "DLOA.Model\DLOA.Model.csproj", "{A96077E6-3089-4D2B-A1A7-C75DDA4A5FF2}"
EndProject
Project("{FAE04EC0-301F-11D3-BF4B-00C04F79EFBC}") = "ExpressionTest", "ExpressionTest\ExpressionTest.csproj", "{2006B4A0-9D1D-4A2C-A431-8EDDB9817AAB}"
EndProject
Project("{FAE04EC0-301F-11D3-BF4B-00C04F79EFBC}") = "UnitTestProject1", "UnitTestProject1\UnitTestProject1.csproj", "{1A2C887A-0896-46A5-A21C-67173CD8AEA1}"
EndProject
Project("{FAE04EC0-301F-11D3-BF4B-00C04F79EFBC}") = "mmTest", "mmTest\mmTest.csproj", "{EF75BC61-AC36-49DB-832D-06A274254860}"
EndProject
Project("{FAE04EC0-301F-11D3-BF4B-00C04F79EFBC}") = "RedisDemo", "RedisDemo\RedisDemo.csproj", "{F15B8555-FBC8-4BDD-A3D2-1698005E8108}"
EndProject
Project("{FAE04EC0-301F-11D3-BF4B-00C04F79EFBC}") = "WorkflowDemo", "WorkflowDemo\WorkflowDemo.csproj", "{04E81296-FF4B-4933-A208-4C7D290796A9}"
EndProject
Project("{FAE04EC0-301F-11D3-BF4B-00C04F79EFBC}") = "WorkflowDemo2", "WorkflowDemo2\WorkflowDemo2.csproj", "{2C2A60FC-D9E3-49FB-A015-D4E5C4A8A442}"
EndProject
Project("{FAE04EC0-301F-11D3-BF4B-00C04F79EFBC}") = "WFDemo", "WFDemo\WFDemo.csproj", "{DC392AE8-3E10-4E48-9A01-C90DAE1F03BD}"
EndProject
Project("{FAE04EC0-301F-11D3-BF4B-00C04F79EFBC}") = "WFDemo2", "WFDemo2\WFDemo2.csproj", "{B4204455-1C46-42E9-AC54-B887743E510E}"
EndProject
Project("{FAE04EC0-301F-11D3-BF4B-00C04F79EFBC}") = "DLOA.WorkFlow", "DLOA.WorkFlow\DLOA.WorkFlow.csproj", "{6BE976B4-0BEE-4B4E-9844-157A847E5F2E}"
EndProject
Global
	GlobalSection(SolutionConfigurationPlatforms) = preSolution
		Debug|Any CPU = Debug|Any CPU
		Debug|Mixed Platforms = Debug|Mixed Platforms
		Debug|x86 = Debug|x86
		Release|Any CPU = Release|Any CPU
		Release|Mixed Platforms = Release|Mixed Platforms
		Release|x86 = Release|x86
	EndGlobalSection
	GlobalSection(ProjectConfigurationPlatforms) = postSolution
		{182E5F7A-D7ED-4193-975A-DAD43A9AA67B}.Debug|Any CPU.ActiveCfg = Debug|Any CPU
		{182E5F7A-D7ED-4193-975A-DAD43A9AA67B}.Debug|Any CPU.Build.0 = Debug|Any CPU
		{182E5F7A-D7ED-4193-975A-DAD43A9AA67B}.Debug|Mixed Platforms.ActiveCfg = Debug|Any CPU
		{182E5F7A-D7ED-4193-975A-DAD43A9AA67B}.Debug|Mixed Platforms.Build.0 = Debug|Any CPU
		{182E5F7A-D7ED-4193-975A-DAD43A9AA67B}.Debug|x86.ActiveCfg = Debug|Any CPU
		{182E5F7A-D7ED-4193-975A-DAD43A9AA67B}.Release|Any CPU.ActiveCfg = Release|Any CPU
		{182E5F7A-D7ED-4193-975A-DAD43A9AA67B}.Release|Any CPU.Build.0 = Release|Any CPU
		{182E5F7A-D7ED-4193-975A-DAD43A9AA67B}.Release|Mixed Platforms.ActiveCfg = Release|Any CPU
		{182E5F7A-D7ED-4193-975A-DAD43A9AA67B}.Release|Mixed Platforms.Build.0 = Release|Any CPU
		{182E5F7A-D7ED-4193-975A-DAD43A9AA67B}.Release|x86.ActiveCfg = Release|Any CPU
		{CB2BA7F0-B0AD-4B2E-8EC4-9B80818D0702}.Debug|Any CPU.ActiveCfg = Debug|Any CPU
		{CB2BA7F0-B0AD-4B2E-8EC4-9B80818D0702}.Debug|Any CPU.Build.0 = Debug|Any CPU
		{CB2BA7F0-B0AD-4B2E-8EC4-9B80818D0702}.Debug|Mixed Platforms.ActiveCfg = Debug|Any CPU
		{CB2BA7F0-B0AD-4B2E-8EC4-9B80818D0702}.Debug|Mixed Platforms.Build.0 = Debug|Any CPU
		{CB2BA7F0-B0AD-4B2E-8EC4-9B80818D0702}.Debug|x86.ActiveCfg = Debug|Any CPU
		{CB2BA7F0-B0AD-4B2E-8EC4-9B80818D0702}.Release|Any CPU.ActiveCfg = Release|Any CPU
		{CB2BA7F0-B0AD-4B2E-8EC4-9B80818D0702}.Release|Any CPU.Build.0 = Release|Any CPU
		{CB2BA7F0-B0AD-4B2E-8EC4-9B80818D0702}.Release|Mixed Platforms.ActiveCfg = Release|Any CPU
		{CB2BA7F0-B0AD-4B2E-8EC4-9B80818D0702}.Release|Mixed Platforms.Build.0 = Release|Any CPU
		{CB2BA7F0-B0AD-4B2E-8EC4-9B80818D0702}.Release|x86.ActiveCfg = Release|Any CPU
		{E5BF5274-6847-41EB-86BB-4065BA5379E0}.Debug|Any CPU.ActiveCfg = Debug|Any CPU
		{E5BF5274-6847-41EB-86BB-4065BA5379E0}.Debug|Any CPU.Build.0 = Debug|Any CPU
		{E5BF5274-6847-41EB-86BB-4065BA5379E0}.Debug|Mixed Platforms.ActiveCfg = Debug|Any CPU
		{E5BF5274-6847-41EB-86BB-4065BA5379E0}.Debug|Mixed Platforms.Build.0 = Debug|Any CPU
		{E5BF5274-6847-41EB-86BB-4065BA5379E0}.Debug|x86.ActiveCfg = Debug|Any CPU
		{E5BF5274-6847-41EB-86BB-4065BA5379E0}.Release|Any CPU.ActiveCfg = Release|Any CPU
		{E5BF5274-6847-41EB-86BB-4065BA5379E0}.Release|Any CPU.Build.0 = Release|Any CPU
		{E5BF5274-6847-41EB-86BB-4065BA5379E0}.Release|Mixed Platforms.ActiveCfg = Release|Any CPU
		{E5BF5274-6847-41EB-86BB-4065BA5379E0}.Release|Mixed Platforms.Build.0 = Release|Any CPU
		{E5BF5274-6847-41EB-86BB-4065BA5379E0}.Release|x86.ActiveCfg = Release|Any CPU
		{A6BD38FE-2385-48A3-B1C5-0B9C04F69EB6}.Debug|Any CPU.ActiveCfg = Debug|Any CPU
		{A6BD38FE-2385-48A3-B1C5-0B9C04F69EB6}.Debug|Any CPU.Build.0 = Debug|Any CPU
		{A6BD38FE-2385-48A3-B1C5-0B9C04F69EB6}.Debug|Mixed Platforms.ActiveCfg = Debug|Any CPU
		{A6BD38FE-2385-48A3-B1C5-0B9C04F69EB6}.Debug|Mixed Platforms.Build.0 = Debug|Any CPU
		{A6BD38FE-2385-48A3-B1C5-0B9C04F69EB6}.Debug|x86.ActiveCfg = Debug|Any CPU
		{A6BD38FE-2385-48A3-B1C5-0B9C04F69EB6}.Release|Any CPU.ActiveCfg = Release|Any CPU
		{A6BD38FE-2385-48A3-B1C5-0B9C04F69EB6}.Release|Any CPU.Build.0 = Release|Any CPU
		{A6BD38FE-2385-48A3-B1C5-0B9C04F69EB6}.Release|Mixed Platforms.ActiveCfg = Release|Any CPU
		{A6BD38FE-2385-48A3-B1C5-0B9C04F69EB6}.Release|Mixed Platforms.Build.0 = Release|Any CPU
		{A6BD38FE-2385-48A3-B1C5-0B9C04F69EB6}.Release|x86.ActiveCfg = Release|Any CPU
		{4922B3A1-E237-4952-83C0-D3AE09385AF7}.Debug|Any CPU.ActiveCfg = Debug|Any CPU
		{4922B3A1-E237-4952-83C0-D3AE09385AF7}.Debug|Any CPU.Build.0 = Debug|Any CPU
		{4922B3A1-E237-4952-83C0-D3AE09385AF7}.Debug|Mixed Platforms.ActiveCfg = Debug|Any CPU
		{4922B3A1-E237-4952-83C0-D3AE09385AF7}.Debug|Mixed Platforms.Build.0 = Debug|Any CPU
		{4922B3A1-E237-4952-83C0-D3AE09385AF7}.Debug|x86.ActiveCfg = Debug|Any CPU
		{4922B3A1-E237-4952-83C0-D3AE09385AF7}.Release|Any CPU.ActiveCfg = Release|Any CPU
		{4922B3A1-E237-4952-83C0-D3AE09385AF7}.Release|Any CPU.Build.0 = Release|Any CPU
		{4922B3A1-E237-4952-83C0-D3AE09385AF7}.Release|Mixed Platforms.ActiveCfg = Release|Any CPU
		{4922B3A1-E237-4952-83C0-D3AE09385AF7}.Release|Mixed Platforms.Build.0 = Release|Any CPU
		{4922B3A1-E237-4952-83C0-D3AE09385AF7}.Release|x86.ActiveCfg = Release|Any CPU
		{8E9B087D-912F-406E-BCE4-A1342BA3CCD2}.Debug|Any CPU.ActiveCfg = Debug|Any CPU
		{8E9B087D-912F-406E-BCE4-A1342BA3CCD2}.Debug|Any CPU.Build.0 = Debug|Any CPU
		{8E9B087D-912F-406E-BCE4-A1342BA3CCD2}.Debug|Mixed Platforms.ActiveCfg = Debug|Any CPU
		{8E9B087D-912F-406E-BCE4-A1342BA3CCD2}.Debug|Mixed Platforms.Build.0 = Debug|Any CPU
		{8E9B087D-912F-406E-BCE4-A1342BA3CCD2}.Debug|x86.ActiveCfg = Debug|Any CPU
		{8E9B087D-912F-406E-BCE4-A1342BA3CCD2}.Release|Any CPU.ActiveCfg = Release|Any CPU
		{8E9B087D-912F-406E-BCE4-A1342BA3CCD2}.Release|Any CPU.Build.0 = Release|Any CPU
		{8E9B087D-912F-406E-BCE4-A1342BA3CCD2}.Release|Mixed Platforms.ActiveCfg = Release|Any CPU
		{8E9B087D-912F-406E-BCE4-A1342BA3CCD2}.Release|Mixed Platforms.Build.0 = Release|Any CPU
		{8E9B087D-912F-406E-BCE4-A1342BA3CCD2}.Release|x86.ActiveCfg = Release|Any CPU
		{624A3B75-C37F-430F-8DB0-7EDC4FECA877}.Debug|Any CPU.ActiveCfg = Debug|Any CPU
		{624A3B75-C37F-430F-8DB0-7EDC4FECA877}.Debug|Any CPU.Build.0 = Debug|Any CPU
		{624A3B75-C37F-430F-8DB0-7EDC4FECA877}.Debug|Mixed Platforms.ActiveCfg = Debug|Any CPU
		{624A3B75-C37F-430F-8DB0-7EDC4FECA877}.Debug|Mixed Platforms.Build.0 = Debug|Any CPU
		{624A3B75-C37F-430F-8DB0-7EDC4FECA877}.Debug|x86.ActiveCfg = Debug|Any CPU
		{624A3B75-C37F-430F-8DB0-7EDC4FECA877}.Release|Any CPU.ActiveCfg = Release|Any CPU
		{624A3B75-C37F-430F-8DB0-7EDC4FECA877}.Release|Any CPU.Build.0 = Release|Any CPU
		{624A3B75-C37F-430F-8DB0-7EDC4FECA877}.Release|Mixed Platforms.ActiveCfg = Release|Any CPU
		{624A3B75-C37F-430F-8DB0-7EDC4FECA877}.Release|Mixed Platforms.Build.0 = Release|Any CPU
		{624A3B75-C37F-430F-8DB0-7EDC4FECA877}.Release|x86.ActiveCfg = Release|Any CPU
		{179B4231-528F-439E-89CE-3D76ACDE7D1D}.Debug|Any CPU.ActiveCfg = Debug|Any CPU
		{179B4231-528F-439E-89CE-3D76ACDE7D1D}.Debug|Any CPU.Build.0 = Debug|Any CPU
		{179B4231-528F-439E-89CE-3D76ACDE7D1D}.Debug|Mixed Platforms.ActiveCfg = Debug|Any CPU
		{179B4231-528F-439E-89CE-3D76ACDE7D1D}.Debug|Mixed Platforms.Build.0 = Debug|Any CPU
		{179B4231-528F-439E-89CE-3D76ACDE7D1D}.Debug|x86.ActiveCfg = Debug|Any CPU
		{179B4231-528F-439E-89CE-3D76ACDE7D1D}.Release|Any CPU.ActiveCfg = Release|Any CPU
		{179B4231-528F-439E-89CE-3D76ACDE7D1D}.Release|Any CPU.Build.0 = Release|Any CPU
		{179B4231-528F-439E-89CE-3D76ACDE7D1D}.Release|Mixed Platforms.ActiveCfg = Release|Any CPU
		{179B4231-528F-439E-89CE-3D76ACDE7D1D}.Release|Mixed Platforms.Build.0 = Release|Any CPU
		{179B4231-528F-439E-89CE-3D76ACDE7D1D}.Release|x86.ActiveCfg = Release|Any CPU
		{A96077E6-3089-4D2B-A1A7-C75DDA4A5FF2}.Debug|Any CPU.ActiveCfg = Debug|Any CPU
		{A96077E6-3089-4D2B-A1A7-C75DDA4A5FF2}.Debug|Any CPU.Build.0 = Debug|Any CPU
		{A96077E6-3089-4D2B-A1A7-C75DDA4A5FF2}.Debug|Mixed Platforms.ActiveCfg = Debug|Any CPU
		{A96077E6-3089-4D2B-A1A7-C75DDA4A5FF2}.Debug|Mixed Platforms.Build.0 = Debug|Any CPU
		{A96077E6-3089-4D2B-A1A7-C75DDA4A5FF2}.Debug|x86.ActiveCfg = Debug|Any CPU
		{A96077E6-3089-4D2B-A1A7-C75DDA4A5FF2}.Release|Any CPU.ActiveCfg = Release|Any CPU
		{A96077E6-3089-4D2B-A1A7-C75DDA4A5FF2}.Release|Any CPU.Build.0 = Release|Any CPU
		{A96077E6-3089-4D2B-A1A7-C75DDA4A5FF2}.Release|Mixed Platforms.ActiveCfg = Release|Any CPU
		{A96077E6-3089-4D2B-A1A7-C75DDA4A5FF2}.Release|Mixed Platforms.Build.0 = Release|Any CPU
		{A96077E6-3089-4D2B-A1A7-C75DDA4A5FF2}.Release|x86.ActiveCfg = Release|Any CPU
		{2006B4A0-9D1D-4A2C-A431-8EDDB9817AAB}.Debug|Any CPU.ActiveCfg = Debug|Any CPU
		{2006B4A0-9D1D-4A2C-A431-8EDDB9817AAB}.Debug|Any CPU.Build.0 = Debug|Any CPU
		{2006B4A0-9D1D-4A2C-A431-8EDDB9817AAB}.Debug|Mixed Platforms.ActiveCfg = Debug|Any CPU
		{2006B4A0-9D1D-4A2C-A431-8EDDB9817AAB}.Debug|Mixed Platforms.Build.0 = Debug|Any CPU
		{2006B4A0-9D1D-4A2C-A431-8EDDB9817AAB}.Debug|x86.ActiveCfg = Debug|Any CPU
		{2006B4A0-9D1D-4A2C-A431-8EDDB9817AAB}.Release|Any CPU.ActiveCfg = Release|Any CPU
		{2006B4A0-9D1D-4A2C-A431-8EDDB9817AAB}.Release|Any CPU.Build.0 = Release|Any CPU
		{2006B4A0-9D1D-4A2C-A431-8EDDB9817AAB}.Release|Mixed Platforms.ActiveCfg = Release|Any CPU
		{2006B4A0-9D1D-4A2C-A431-8EDDB9817AAB}.Release|Mixed Platforms.Build.0 = Release|Any CPU
		{2006B4A0-9D1D-4A2C-A431-8EDDB9817AAB}.Release|x86.ActiveCfg = Release|Any CPU
		{1A2C887A-0896-46A5-A21C-67173CD8AEA1}.Debug|Any CPU.ActiveCfg = Debug|Any CPU
		{1A2C887A-0896-46A5-A21C-67173CD8AEA1}.Debug|Any CPU.Build.0 = Debug|Any CPU
		{1A2C887A-0896-46A5-A21C-67173CD8AEA1}.Debug|Mixed Platforms.ActiveCfg = Debug|Any CPU
		{1A2C887A-0896-46A5-A21C-67173CD8AEA1}.Debug|Mixed Platforms.Build.0 = Debug|Any CPU
		{1A2C887A-0896-46A5-A21C-67173CD8AEA1}.Debug|x86.ActiveCfg = Debug|Any CPU
		{1A2C887A-0896-46A5-A21C-67173CD8AEA1}.Release|Any CPU.ActiveCfg = Release|Any CPU
		{1A2C887A-0896-46A5-A21C-67173CD8AEA1}.Release|Any CPU.Build.0 = Release|Any CPU
		{1A2C887A-0896-46A5-A21C-67173CD8AEA1}.Release|Mixed Platforms.ActiveCfg = Release|Any CPU
		{1A2C887A-0896-46A5-A21C-67173CD8AEA1}.Release|Mixed Platforms.Build.0 = Release|Any CPU
		{1A2C887A-0896-46A5-A21C-67173CD8AEA1}.Release|x86.ActiveCfg = Release|Any CPU
		{EF75BC61-AC36-49DB-832D-06A274254860}.Debug|Any CPU.ActiveCfg = Debug|Any CPU
		{EF75BC61-AC36-49DB-832D-06A274254860}.Debug|Any CPU.Build.0 = Debug|Any CPU
		{EF75BC61-AC36-49DB-832D-06A274254860}.Debug|Mixed Platforms.ActiveCfg = Debug|Any CPU
		{EF75BC61-AC36-49DB-832D-06A274254860}.Debug|Mixed Platforms.Build.0 = Debug|Any CPU
		{EF75BC61-AC36-49DB-832D-06A274254860}.Debug|x86.ActiveCfg = Debug|Any CPU
		{EF75BC61-AC36-49DB-832D-06A274254860}.Release|Any CPU.ActiveCfg = Release|Any CPU
		{EF75BC61-AC36-49DB-832D-06A274254860}.Release|Any CPU.Build.0 = Release|Any CPU
		{EF75BC61-AC36-49DB-832D-06A274254860}.Release|Mixed Platforms.ActiveCfg = Release|Any CPU
		{EF75BC61-AC36-49DB-832D-06A274254860}.Release|Mixed Platforms.Build.0 = Release|Any CPU
		{EF75BC61-AC36-49DB-832D-06A274254860}.Release|x86.ActiveCfg = Release|Any CPU
		{F15B8555-FBC8-4BDD-A3D2-1698005E8108}.Debug|Any CPU.ActiveCfg = Debug|Any CPU
		{F15B8555-FBC8-4BDD-A3D2-1698005E8108}.Debug|Any CPU.Build.0 = Debug|Any CPU
		{F15B8555-FBC8-4BDD-A3D2-1698005E8108}.Debug|Mixed Platforms.ActiveCfg = Debug|Any CPU
		{F15B8555-FBC8-4BDD-A3D2-1698005E8108}.Debug|Mixed Platforms.Build.0 = Debug|Any CPU
		{F15B8555-FBC8-4BDD-A3D2-1698005E8108}.Debug|x86.ActiveCfg = Debug|Any CPU
		{F15B8555-FBC8-4BDD-A3D2-1698005E8108}.Release|Any CPU.ActiveCfg = Release|Any CPU
		{F15B8555-FBC8-4BDD-A3D2-1698005E8108}.Release|Any CPU.Build.0 = Release|Any CPU
		{F15B8555-FBC8-4BDD-A3D2-1698005E8108}.Release|Mixed Platforms.ActiveCfg = Release|Any CPU
		{F15B8555-FBC8-4BDD-A3D2-1698005E8108}.Release|Mixed Platforms.Build.0 = Release|Any CPU
		{F15B8555-FBC8-4BDD-A3D2-1698005E8108}.Release|x86.ActiveCfg = Release|Any CPU
		{04E81296-FF4B-4933-A208-4C7D290796A9}.Debug|Any CPU.ActiveCfg = Debug|x86
		{04E81296-FF4B-4933-A208-4C7D290796A9}.Debug|Mixed Platforms.ActiveCfg = Debug|x86
		{04E81296-FF4B-4933-A208-4C7D290796A9}.Debug|Mixed Platforms.Build.0 = Debug|x86
		{04E81296-FF4B-4933-A208-4C7D290796A9}.Debug|x86.ActiveCfg = Debug|x86
		{04E81296-FF4B-4933-A208-4C7D290796A9}.Debug|x86.Build.0 = Debug|x86
		{04E81296-FF4B-4933-A208-4C7D290796A9}.Release|Any CPU.ActiveCfg = Release|x86
		{04E81296-FF4B-4933-A208-4C7D290796A9}.Release|Mixed Platforms.ActiveCfg = Release|x86
		{04E81296-FF4B-4933-A208-4C7D290796A9}.Release|Mixed Platforms.Build.0 = Release|x86
		{04E81296-FF4B-4933-A208-4C7D290796A9}.Release|x86.ActiveCfg = Release|x86
		{04E81296-FF4B-4933-A208-4C7D290796A9}.Release|x86.Build.0 = Release|x86
		{2C2A60FC-D9E3-49FB-A015-D4E5C4A8A442}.Debug|Any CPU.ActiveCfg = Debug|x86
		{2C2A60FC-D9E3-49FB-A015-D4E5C4A8A442}.Debug|Mixed Platforms.ActiveCfg = Debug|x86
		{2C2A60FC-D9E3-49FB-A015-D4E5C4A8A442}.Debug|Mixed Platforms.Build.0 = Debug|x86
		{2C2A60FC-D9E3-49FB-A015-D4E5C4A8A442}.Debug|x86.ActiveCfg = Debug|x86
		{2C2A60FC-D9E3-49FB-A015-D4E5C4A8A442}.Debug|x86.Build.0 = Debug|x86
		{2C2A60FC-D9E3-49FB-A015-D4E5C4A8A442}.Release|Any CPU.ActiveCfg = Release|x86
		{2C2A60FC-D9E3-49FB-A015-D4E5C4A8A442}.Release|Mixed Platforms.ActiveCfg = Release|x86
		{2C2A60FC-D9E3-49FB-A015-D4E5C4A8A442}.Release|Mixed Platforms.Build.0 = Release|x86
		{2C2A60FC-D9E3-49FB-A015-D4E5C4A8A442}.Release|x86.ActiveCfg = Release|x86
		{2C2A60FC-D9E3-49FB-A015-D4E5C4A8A442}.Release|x86.Build.0 = Release|x86
		{DC392AE8-3E10-4E48-9A01-C90DAE1F03BD}.Debug|Any CPU.ActiveCfg = Debug|Any CPU
		{DC392AE8-3E10-4E48-9A01-C90DAE1F03BD}.Debug|Any CPU.Build.0 = Debug|Any CPU
		{DC392AE8-3E10-4E48-9A01-C90DAE1F03BD}.Debug|Mixed Platforms.ActiveCfg = Debug|Any CPU
		{DC392AE8-3E10-4E48-9A01-C90DAE1F03BD}.Debug|Mixed Platforms.Build.0 = Debug|Any CPU
		{DC392AE8-3E10-4E48-9A01-C90DAE1F03BD}.Debug|x86.ActiveCfg = Debug|Any CPU
		{DC392AE8-3E10-4E48-9A01-C90DAE1F03BD}.Release|Any CPU.ActiveCfg = Release|Any CPU
		{DC392AE8-3E10-4E48-9A01-C90DAE1F03BD}.Release|Any CPU.Build.0 = Release|Any CPU
		{DC392AE8-3E10-4E48-9A01-C90DAE1F03BD}.Release|Mixed Platforms.ActiveCfg = Release|Any CPU
		{DC392AE8-3E10-4E48-9A01-C90DAE1F03BD}.Release|Mixed Platforms.Build.0 = Release|Any CPU
		{DC392AE8-3E10-4E48-9A01-C90DAE1F03BD}.Release|x86.ActiveCfg = Release|Any CPU
		{B4204455-1C46-42E9-AC54-B887743E510E}.Debug|Any CPU.ActiveCfg = Debug|Any CPU
		{B4204455-1C46-42E9-AC54-B887743E510E}.Debug|Any CPU.Build.0 = Debug|Any CPU
		{B4204455-1C46-42E9-AC54-B887743E510E}.Debug|Mixed Platforms.ActiveCfg = Debug|Any CPU
		{B4204455-1C46-42E9-AC54-B887743E510E}.Debug|Mixed Platforms.Build.0 = Debug|Any CPU
		{B4204455-1C46-42E9-AC54-B887743E510E}.Debug|x86.ActiveCfg = Debug|Any CPU
		{B4204455-1C46-42E9-AC54-B887743E510E}.Release|Any CPU.ActiveCfg = Release|Any CPU
		{B4204455-1C46-42E9-AC54-B887743E510E}.Release|Any CPU.Build.0 = Release|Any CPU
		{B4204455-1C46-42E9-AC54-B887743E510E}.Release|Mixed Platforms.ActiveCfg = Release|Any CPU
		{B4204455-1C46-42E9-AC54-B887743E510E}.Release|Mixed Platforms.Build.0 = Release|Any CPU
		{B4204455-1C46-42E9-AC54-B887743E510E}.Release|x86.ActiveCfg = Release|Any CPU
		{6BE976B4-0BEE-4B4E-9844-157A847E5F2E}.Debug|Any CPU.ActiveCfg = Debug|Any CPU
		{6BE976B4-0BEE-4B4E-9844-157A847E5F2E}.Debug|Any CPU.Build.0 = Debug|Any CPU
		{6BE976B4-0BEE-4B4E-9844-157A847E5F2E}.Debug|Mixed Platforms.ActiveCfg = Debug|Any CPU
		{6BE976B4-0BEE-4B4E-9844-157A847E5F2E}.Debug|Mixed Platforms.Build.0 = Debug|Any CPU
		{6BE976B4-0BEE-4B4E-9844-157A847E5F2E}.Debug|x86.ActiveCfg = Debug|Any CPU
		{6BE976B4-0BEE-4B4E-9844-157A847E5F2E}.Release|Any CPU.ActiveCfg = Release|Any CPU
		{6BE976B4-0BEE-4B4E-9844-157A847E5F2E}.Release|Any CPU.Build.0 = Release|Any CPU
		{6BE976B4-0BEE-4B4E-9844-157A847E5F2E}.Release|Mixed Platforms.ActiveCfg = Release|Any CPU
		{6BE976B4-0BEE-4B4E-9844-157A847E5F2E}.Release|Mixed Platforms.Build.0 = Release|Any CPU
		{6BE976B4-0BEE-4B4E-9844-157A847E5F2E}.Release|x86.ActiveCfg = Release|Any CPU
	EndGlobalSection
	GlobalSection(SolutionProperties) = preSolution
		HideSolutionNode = FALSE
	EndGlobalSection
	GlobalSection(NestedProjects) = preSolution
		{4922B3A1-E237-4952-83C0-D3AE09385AF7} = {421B6AC9-603D-4F97-B857-A1EE4096C12C}
		{182E5F7A-D7ED-4193-975A-DAD43A9AA67B} = {421B6AC9-603D-4F97-B857-A1EE4096C12C}
		{8E9B087D-912F-406E-BCE4-A1342BA3CCD2} = {421B6AC9-603D-4F97-B857-A1EE4096C12C}
		{E5BF5274-6847-41EB-86BB-4065BA5379E0} = {027BFBA2-7C32-46CF-9AD1-00BE65857B9E}
		{624A3B75-C37F-430F-8DB0-7EDC4FECA877} = {027BFBA2-7C32-46CF-9AD1-00BE65857B9E}
		{179B4231-528F-439E-89CE-3D76ACDE7D1D} = {AF2CDACA-E71D-45DB-9ABC-F287736A41E5}
		{2006B4A0-9D1D-4A2C-A431-8EDDB9817AAB} = {AF2CDACA-E71D-45DB-9ABC-F287736A41E5}
		{1A2C887A-0896-46A5-A21C-67173CD8AEA1} = {AF2CDACA-E71D-45DB-9ABC-F287736A41E5}
		{EF75BC61-AC36-49DB-832D-06A274254860} = {AF2CDACA-E71D-45DB-9ABC-F287736A41E5}
		{F15B8555-FBC8-4BDD-A3D2-1698005E8108} = {AF2CDACA-E71D-45DB-9ABC-F287736A41E5}
		{04E81296-FF4B-4933-A208-4C7D290796A9} = {AF2CDACA-E71D-45DB-9ABC-F287736A41E5}
		{2C2A60FC-D9E3-49FB-A015-D4E5C4A8A442} = {AF2CDACA-E71D-45DB-9ABC-F287736A41E5}
		{DC392AE8-3E10-4E48-9A01-C90DAE1F03BD} = {AF2CDACA-E71D-45DB-9ABC-F287736A41E5}
		{B4204455-1C46-42E9-AC54-B887743E510E} = {AF2CDACA-E71D-45DB-9ABC-F287736A41E5}
	EndGlobalSection
EndGlobal
